{
  "version": 4,
  "terraform_version": "1.0.1",
  "serial": 3,
  "lineage": "34f11872-0848-bc67-2239-4cab080855c4",
  "outputs": {},
  "resources": [
    {
      "mode": "managed",
      "type": "digitalocean_droplet",
      "name": "poc_droplet",
      "provider": "provider[\"registry.terraform.io/digitalocean/digitalocean\"]",
      "instances": [
        {
          "schema_version": 1,
          "attributes": {
            "backups": false,
            "created_at": "2021-07-04T19:57:31Z",
            "disk": 25,
            "id": "253452916",
            "image": "ubuntu-20-04-x64",
            "ipv4_address": "143.110.236.20",
            "ipv4_address_private": "10.124.0.2",
            "ipv6": false,
            "ipv6_address": "",
            "locked": false,
            "memory": 1024,
            "monitoring": false,
            "name": "poc-droplet",
            "price_hourly": 0.00744,
            "price_monthly": 5,
            "private_networking": true,
            "region": "sfo3",
            "resize_disk": true,
            "size": "s-1vcpu-1gb",
            "ssh_keys": null,
            "status": "active",
            "tags": null,
            "urn": "do:droplet:253452916",
            "user_data": null,
            "vcpus": 1,
            "volume_ids": [],
            "vpc_uuid": "18f3591e-4332-4f44-b25e-57ff6022790d"
          },
          "sensitive_attributes": [],
          "private": "eyJzY2hlbWFfdmVyc2lvbiI6IjEifQ=="
        }
      ]
    }
  ]
}
